<?xml version="1.0" encoding="UTF-8" standalone="yes" ?>
<CodeBlocks_project_file>
	<FileVersion major="1" minor="6" />
	<Project>
		<Option title="invaders_codeblocks" />
		<Option pch_mode="2" />
		<Option compiler="gcc" />
		<Build>
			<Target title="Debug_Static_Mingw32_x64">
				<Option output="../invaders-debug" prefix_auto="1" extension_auto="1" />
				<Option working_dir="../../invaders" />
				<Option object_output="obj/Debug_Static/" />
				<Option type="1" />
				<Option compiler="gcc" />
				<Option use_console_runner="0" />
				<Compiler>
					<Add option="-Weffc++" />
					<Add option="-pedantic" />
					<Add option="-Wextra" />
					<Add option="-std=c11" />
					<Add option="-m64" />
					<Add option="-g" />
					<Add option="-Wextra -Werror -Wno-unused-function -Wno-switch -Wuninitialized -Wstrict-prototypes -Wno-error=type-limits -gdwarf-2" />
					<Add option="-DPHYSFS_DATAFILES_OLD" />
					<Add option="-DDEBUG_PLAYER_UPDATE" />
					<Add option="-DDEBUG" />
					<Add directory="../vendor/liballegro-5.2.9-git-release-static/include" />
				</Compiler>
				<Linker>
					<Add option="-m64" />
					<Add option="-lallegro_monolith-static" />
					<Add option="-lwinmm" />
					<Add option="-lshlwapi" />
					<Add option="-lole32" />
					<Add option="-luser32" />
					<Add option="-lopengl32" />
					<Add option="-lgdi32" />
					<Add option="-lgdiplus" />
					<Add option="-lwebp" />
					<Add option="-ldsound" />
					<Add option="-lflac" />
					<Add option="-lpsapi" />
					<Add option="-ldumb" />
					<Add option="-lfreetype" />
					<Add option="-lpng16" />
					<Add option="-lzlib" />
					<Add option="-lcomdlg32" />
					<Add option="-lsharpyuv" />
					<Add option="-lphysfs" />
					<Add option="-lvorbisfile" />
					<Add option="-lvorbis" />
					<Add option="-logg" />
					<Add directory="../vendor/liballegro-5.2.9-git-release-static/lib" />
					<LinkerExe value="CppCompiler" />
				</Linker>
			</Target>
			<Target title="Release">
				<Option output="bin/Release/invaders_codeblocks" prefix_auto="1" extension_auto="1" />
				<Option object_output="obj/Release/" />
				<Option type="1" />
				<Option compiler="gcc" />
				<Compiler>
					<Add option="-O2" />
				</Compiler>
				<Linker>
					<Add option="-s" />
				</Linker>
			</Target>
			<Target title="Debug">
				<Option output="bin/Debug/invaders-bin" prefix_auto="1" extension_auto="1" />
				<Option working_dir="../invaders_codeblocks" />
				<Option object_output="obj/Debug/" />
				<Option type="1" />
				<Option compiler="gcc" />
				<Option use_console_runner="0" />
				<Compiler>
					<Add option="-Weffc++" />
					<Add option="-pedantic" />
					<Add option="-Wextra" />
					<Add option="-std=c11" />
					<Add option="-m64" />
					<Add option="-g" />
					<Add option="-Wextra -Werror -Wno-unused-function -Wno-switch -Wuninitialized -Wstrict-prototypes -Wno-error=type-limits" />
					<Add option="-DPHYSFS_DATAFILES_OLD" />
					<Add option="-DDEBUG_PLAYER_UPDATE" />
					<Add option="-DDEBUG" />
					<Add directory="../vendor/liballegro-5.2.9-git-release-static/include" />
				</Compiler>
				<Linker>
					<Add option="-m64" />
					<Add option="-lasan" />
					<Add option="-lallegro" />
					<Add option="-lallegro_font" />
					<Add option="-lallegro_ttf" />
					<Add option="-lallegro_audio" />
					<Add option="-lallegro_acodec" />
					<Add option="-lallegro_image" />
					<Add option="-lallegro_dialog" />
					<Add option="-lallegro_primitives" />
					<Add option="-lm" />
					<Add option="-lphysfs" />
					<Add directory="../vendor/liballegro-5.2.9-git-release-static/lib" />
				</Linker>
			</Target>
		</Build>
		<Compiler>
			<Add option="-Wall" />
		</Compiler>
		<Unit filename="../invaders_better/main.c">
			<Option compilerVar="CC" />
		</Unit>
		<Unit filename="../invaders_better/miniz.c">
			<Option compilerVar="CC" />
		</Unit>
		<Unit filename="../invaders_better/miniz.h" />
		<Extensions>
			<code_completion>
				<search_path add="/usr/local/include" />
				<search_path add="..\vendor\liballegro-5.2.9-git-release-static\include" />
			</code_completion>
		</Extensions>
	</Project>
</CodeBlocks_project_file>
